
Microsoft Visual Studio Solution File, Format Version 12.00
# Visual Studio 2012
Project("{FAE04EC0-301F-11D3-BF4B-00C04F79EFBC}") = "TRock.Music", "src\TRock.Music\TRock.Music.csproj", "{E4459604-7CCC-4F65-A533-37A727DC7F10}"
EndProject
Project("{FAE04EC0-301F-11D3-BF4B-00C04F79EFBC}") = "TRock.Music.Grooveshark", "src\TRock.Music.Grooveshark\TRock.Music.Grooveshark.csproj", "{2DCB6DE5-F15C-4382-9B97-252C26D1F027}"
EndProject
Project("{FAE04EC0-301F-11D3-BF4B-00C04F79EFBC}") = "TRock.Music.Spotify", "src\TRock.Music.Spotify\TRock.Music.Spotify.csproj", "{D5E03842-FC10-4307-93B0-7EB621E2D188}"
EndProject
Project("{FAE04EC0-301F-11D3-BF4B-00C04F79EFBC}") = "TRock.Music.Tests", "src\TRock.Music.Tests\TRock.Music.Tests.csproj", "{E0AF1BCD-50F7-4A2C-AB85-CBB7A2FC3EC5}"
EndProject
Project("{FAE04EC0-301F-11D3-BF4B-00C04F79EFBC}") = "TRock.Music.Torshify", "src\TRock.Music.Torshify\TRock.Music.Torshify.csproj", "{FC2702F2-89D3-45AF-A427-CCC8D6F3361D}"
EndProject
Project("{2150E333-8FDC-42A3-9474-1A3956D46DE8}") = "Solution Items", "Solution Items", "{3E82FBC9-4A42-46A5-8908-3006AB0D2784}"
	ProjectSection(SolutionItems) = preProject
		src\CommonAssemblyInfo.cs = src\CommonAssemblyInfo.cs
	EndProjectSection
EndProject
Project("{2150E333-8FDC-42A3-9474-1A3956D46DE8}") = ".nuget", ".nuget", "{F440C010-ADF1-4AE5-AC77-E9C5E6807D13}"
	ProjectSection(SolutionItems) = preProject
		.nuget\packages.config = .nuget\packages.config
	EndProjectSection
EndProject
Project("{FAE04EC0-301F-11D3-BF4B-00C04F79EFBC}") = "TRock.Music.Reactive", "src\TRock.Music.Reactive\TRock.Music.Reactive.csproj", "{31C3AE61-AED2-47D1-9A46-606617DC1C00}"
EndProject
Project("{FAE04EC0-301F-11D3-BF4B-00C04F79EFBC}") = "TRock.Music.Torshify.Server", "src\TRock.Music.Torshify.Server\TRock.Music.Torshify.Server.csproj", "{2E1AFFB7-E460-4B75-A074-066F7E519F06}"
EndProject
Project("{FAE04EC0-301F-11D3-BF4B-00C04F79EFBC}") = "TRock.Music.Torshify.Client", "src\TRock.Music.Torshify.Client\TRock.Music.Torshify.Client.csproj", "{41A6DFAB-2E6D-4E88-8750-201F31685E22}"
EndProject
Project("{FAE04EC0-301F-11D3-BF4B-00C04F79EFBC}") = "TRock.Music.Torshify.Tests", "src\TRock.Music.Torshify.Tests\TRock.Music.Torshify.Tests.csproj", "{E26DF9AB-4EA8-4BAA-9C7B-4CD14A529F31}"
EndProject
Project("{FAE04EC0-301F-11D3-BF4B-00C04F79EFBC}") = "TRock.Music.Client", "src\TRock.Music.Client\TRock.Music.Client.csproj", "{D5EC2FAC-F6AE-4449-90AC-A992CADE9402}"
EndProject
Project("{2150E333-8FDC-42A3-9474-1A3956D46DE8}") = "Samples", "Samples", "{DE4A89BE-5E3B-4331-A36F-3E56212A6103}"
EndProject
Global
	GlobalSection(SolutionConfigurationPlatforms) = preSolution
		Debug|Any CPU = Debug|Any CPU
		Debug|Mixed Platforms = Debug|Mixed Platforms
		Release|Any CPU = Release|Any CPU
		Release|Mixed Platforms = Release|Mixed Platforms
	EndGlobalSection
	GlobalSection(ProjectConfigurationPlatforms) = postSolution
		{E4459604-7CCC-4F65-A533-37A727DC7F10}.Debug|Any CPU.ActiveCfg = Debug|Any CPU
		{E4459604-7CCC-4F65-A533-37A727DC7F10}.Debug|Any CPU.Build.0 = Debug|Any CPU
		{E4459604-7CCC-4F65-A533-37A727DC7F10}.Debug|Mixed Platforms.ActiveCfg = Debug|Any CPU
		{E4459604-7CCC-4F65-A533-37A727DC7F10}.Debug|Mixed Platforms.Build.0 = Debug|Any CPU
		{E4459604-7CCC-4F65-A533-37A727DC7F10}.Release|Any CPU.ActiveCfg = Release|Any CPU
		{E4459604-7CCC-4F65-A533-37A727DC7F10}.Release|Any CPU.Build.0 = Release|Any CPU
		{E4459604-7CCC-4F65-A533-37A727DC7F10}.Release|Mixed Platforms.ActiveCfg = Release|Any CPU
		{E4459604-7CCC-4F65-A533-37A727DC7F10}.Release|Mixed Platforms.Build.0 = Release|Any CPU
		{2DCB6DE5-F15C-4382-9B97-252C26D1F027}.Debug|Any CPU.ActiveCfg = Debug|Any CPU
		{2DCB6DE5-F15C-4382-9B97-252C26D1F027}.Debug|Any CPU.Build.0 = Debug|Any CPU
		{2DCB6DE5-F15C-4382-9B97-252C26D1F027}.Debug|Mixed Platforms.ActiveCfg = Debug|Any CPU
		{2DCB6DE5-F15C-4382-9B97-252C26D1F027}.Debug|Mixed Platforms.Build.0 = Debug|Any CPU
		{2DCB6DE5-F15C-4382-9B97-252C26D1F027}.Release|Any CPU.ActiveCfg = Release|Any CPU
		{2DCB6DE5-F15C-4382-9B97-252C26D1F027}.Release|Any CPU.Build.0 = Release|Any CPU
		{2DCB6DE5-F15C-4382-9B97-252C26D1F027}.Release|Mixed Platforms.ActiveCfg = Release|Any CPU
		{2DCB6DE5-F15C-4382-9B97-252C26D1F027}.Release|Mixed Platforms.Build.0 = Release|Any CPU
		{D5E03842-FC10-4307-93B0-7EB621E2D188}.Debug|Any CPU.ActiveCfg = Debug|Any CPU
		{D5E03842-FC10-4307-93B0-7EB621E2D188}.Debug|Any CPU.Build.0 = Debug|Any CPU
		{D5E03842-FC10-4307-93B0-7EB621E2D188}.Debug|Mixed Platforms.ActiveCfg = Debug|Any CPU
		{D5E03842-FC10-4307-93B0-7EB621E2D188}.Debug|Mixed Platforms.Build.0 = Debug|Any CPU
		{D5E03842-FC10-4307-93B0-7EB621E2D188}.Release|Any CPU.ActiveCfg = Release|Any CPU
		{D5E03842-FC10-4307-93B0-7EB621E2D188}.Release|Any CPU.Build.0 = Release|Any CPU
		{D5E03842-FC10-4307-93B0-7EB621E2D188}.Release|Mixed Platforms.ActiveCfg = Release|Any CPU
		{D5E03842-FC10-4307-93B0-7EB621E2D188}.Release|Mixed Platforms.Build.0 = Release|Any CPU
		{E0AF1BCD-50F7-4A2C-AB85-CBB7A2FC3EC5}.Debug|Any CPU.ActiveCfg = Debug|Any CPU
		{E0AF1BCD-50F7-4A2C-AB85-CBB7A2FC3EC5}.Debug|Any CPU.Build.0 = Debug|Any CPU
		{E0AF1BCD-50F7-4A2C-AB85-CBB7A2FC3EC5}.Debug|Mixed Platforms.ActiveCfg = Debug|Any CPU
		{E0AF1BCD-50F7-4A2C-AB85-CBB7A2FC3EC5}.Debug|Mixed Platforms.Build.0 = Debug|Any CPU
		{E0AF1BCD-50F7-4A2C-AB85-CBB7A2FC3EC5}.Release|Any CPU.ActiveCfg = Release|Any CPU
		{E0AF1BCD-50F7-4A2C-AB85-CBB7A2FC3EC5}.Release|Any CPU.Build.0 = Release|Any CPU
		{E0AF1BCD-50F7-4A2C-AB85-CBB7A2FC3EC5}.Release|Mixed Platforms.ActiveCfg = Release|Any CPU
		{E0AF1BCD-50F7-4A2C-AB85-CBB7A2FC3EC5}.Release|Mixed Platforms.Build.0 = Release|Any CPU
		{FC2702F2-89D3-45AF-A427-CCC8D6F3361D}.Debug|Any CPU.ActiveCfg = Debug|Any CPU
		{FC2702F2-89D3-45AF-A427-CCC8D6F3361D}.Debug|Any CPU.Build.0 = Debug|Any CPU
		{FC2702F2-89D3-45AF-A427-CCC8D6F3361D}.Debug|Mixed Platforms.ActiveCfg = Debug|Any CPU
		{FC2702F2-89D3-45AF-A427-CCC8D6F3361D}.Debug|Mixed Platforms.Build.0 = Debug|Any CPU
		{FC2702F2-89D3-45AF-A427-CCC8D6F3361D}.Release|Any CPU.ActiveCfg = Release|Any CPU
		{FC2702F2-89D3-45AF-A427-CCC8D6F3361D}.Release|Any CPU.Build.0 = Release|Any CPU
		{FC2702F2-89D3-45AF-A427-CCC8D6F3361D}.Release|Mixed Platforms.ActiveCfg = Release|Any CPU
		{FC2702F2-89D3-45AF-A427-CCC8D6F3361D}.Release|Mixed Platforms.Build.0 = Release|Any CPU
		{31C3AE61-AED2-47D1-9A46-606617DC1C00}.Debug|Any CPU.ActiveCfg = Debug|Any CPU
		{31C3AE61-AED2-47D1-9A46-606617DC1C00}.Debug|Any CPU.Build.0 = Debug|Any CPU
		{31C3AE61-AED2-47D1-9A46-606617DC1C00}.Debug|Mixed Platforms.ActiveCfg = Debug|Any CPU
		{31C3AE61-AED2-47D1-9A46-606617DC1C00}.Debug|Mixed Platforms.Build.0 = Debug|Any CPU
		{31C3AE61-AED2-47D1-9A46-606617DC1C00}.Release|Any CPU.ActiveCfg = Release|Any CPU
		{31C3AE61-AED2-47D1-9A46-606617DC1C00}.Release|Any CPU.Build.0 = Release|Any CPU
		{31C3AE61-AED2-47D1-9A46-606617DC1C00}.Release|Mixed Platforms.ActiveCfg = Release|Any CPU
		{31C3AE61-AED2-47D1-9A46-606617DC1C00}.Release|Mixed Platforms.Build.0 = Release|Any CPU
		{2E1AFFB7-E460-4B75-A074-066F7E519F06}.Debug|Any CPU.ActiveCfg = Debug|x86
		{2E1AFFB7-E460-4B75-A074-066F7E519F06}.Debug|Any CPU.Build.0 = Debug|x86
		{2E1AFFB7-E460-4B75-A074-066F7E519F06}.Debug|Mixed Platforms.ActiveCfg = Debug|x86
		{2E1AFFB7-E460-4B75-A074-066F7E519F06}.Debug|Mixed Platforms.Build.0 = Debug|x86
		{2E1AFFB7-E460-4B75-A074-066F7E519F06}.Release|Any CPU.ActiveCfg = Release|x86
		{2E1AFFB7-E460-4B75-A074-066F7E519F06}.Release|Any CPU.Build.0 = Release|x86
		{2E1AFFB7-E460-4B75-A074-066F7E519F06}.Release|Mixed Platforms.ActiveCfg = Release|x86
		{2E1AFFB7-E460-4B75-A074-066F7E519F06}.Release|Mixed Platforms.Build.0 = Release|x86
		{41A6DFAB-2E6D-4E88-8750-201F31685E22}.Debug|Any CPU.ActiveCfg = Debug|Any CPU
		{41A6DFAB-2E6D-4E88-8750-201F31685E22}.Debug|Any CPU.Build.0 = Debug|Any CPU
		{41A6DFAB-2E6D-4E88-8750-201F31685E22}.Debug|Mixed Platforms.ActiveCfg = Debug|Any CPU
		{41A6DFAB-2E6D-4E88-8750-201F31685E22}.Debug|Mixed Platforms.Build.0 = Debug|Any CPU
		{41A6DFAB-2E6D-4E88-8750-201F31685E22}.Release|Any CPU.ActiveCfg = Release|Any CPU
		{41A6DFAB-2E6D-4E88-8750-201F31685E22}.Release|Any CPU.Build.0 = Release|Any CPU
		{41A6DFAB-2E6D-4E88-8750-201F31685E22}.Release|Mixed Platforms.ActiveCfg = Release|Any CPU
		{41A6DFAB-2E6D-4E88-8750-201F31685E22}.Release|Mixed Platforms.Build.0 = Release|Any CPU
		{E26DF9AB-4EA8-4BAA-9C7B-4CD14A529F31}.Debug|Any CPU.ActiveCfg = Debug|x86
		{E26DF9AB-4EA8-4BAA-9C7B-4CD14A529F31}.Debug|Mixed Platforms.ActiveCfg = Debug|x86
		{E26DF9AB-4EA8-4BAA-9C7B-4CD14A529F31}.Debug|Mixed Platforms.Build.0 = Debug|x86
		{E26DF9AB-4EA8-4BAA-9C7B-4CD14A529F31}.Release|Any CPU.ActiveCfg = Release|x86
		{E26DF9AB-4EA8-4BAA-9C7B-4CD14A529F31}.Release|Mixed Platforms.ActiveCfg = Release|x86
		{E26DF9AB-4EA8-4BAA-9C7B-4CD14A529F31}.Release|Mixed Platforms.Build.0 = Release|x86
		{D5EC2FAC-F6AE-4449-90AC-A992CADE9402}.Debug|Any CPU.ActiveCfg = Debug|Any CPU
		{D5EC2FAC-F6AE-4449-90AC-A992CADE9402}.Debug|Any CPU.Build.0 = Debug|Any CPU
		{D5EC2FAC-F6AE-4449-90AC-A992CADE9402}.Debug|Mixed Platforms.ActiveCfg = Debug|Any CPU
		{D5EC2FAC-F6AE-4449-90AC-A992CADE9402}.Debug|Mixed Platforms.Build.0 = Debug|Any CPU
		{D5EC2FAC-F6AE-4449-90AC-A992CADE9402}.Release|Any CPU.ActiveCfg = Release|Any CPU
		{D5EC2FAC-F6AE-4449-90AC-A992CADE9402}.Release|Any CPU.Build.0 = Release|Any CPU
		{D5EC2FAC-F6AE-4449-90AC-A992CADE9402}.Release|Mixed Platforms.ActiveCfg = Release|Any CPU
		{D5EC2FAC-F6AE-4449-90AC-A992CADE9402}.Release|Mixed Platforms.Build.0 = Release|Any CPU
	EndGlobalSection
	GlobalSection(SolutionProperties) = preSolution
		HideSolutionNode = FALSE
	EndGlobalSection
	GlobalSection(NestedProjects) = preSolution
		{D5EC2FAC-F6AE-4449-90AC-A992CADE9402} = {DE4A89BE-5E3B-4331-A36F-3E56212A6103}
		{41A6DFAB-2E6D-4E88-8750-201F31685E22} = {DE4A89BE-5E3B-4331-A36F-3E56212A6103}
	EndGlobalSection
	GlobalSection(ExtensibilityGlobals) = postSolution
		EnterpriseLibraryConfigurationToolBinariesPath = packages\Unity.2.1.505.2\lib\NET35
	EndGlobalSection
EndGlobal
